schema: '2.0'
stages:
  check_packages:
    cmd: pipenv run pip freeze > requirements.txt
    outs:
    - path: requirements.txt
      md5: 32ec7b5294326e4903a7f76e80ba5118
      size: 2264
  data_load:
    cmd: python src/stages/data_load.py --config=params.yaml
    deps:
    - path: requirements.txt
      md5: 32ec7b5294326e4903a7f76e80ba5118
      size: 2264
    - path: src/stages/data_load.py
      md5: ff01f302ee1b178f21899a10f386ffdb
      size: 897
    params:
      params.yaml:
        base:
          project: defect_detection
          pkg_list_fname: pkg_list.txt
          random_state: 0
        data_load:
          dataset_url: https://github.com/abin24/Magnetic-tile-defect-datasets./archive/refs/heads/master.zip
          data_dir: data
          orig_dirname: Magnetic-tile-defect-datasets.-master
          new_dirname: MAGNETIC_TILE_SURFACE_DEFECTS
          code_names:
          - 0
          - 1
    outs:
    - path: data/MAGNETIC_TILE_SURFACE_DEFECTS/images
      md5: b7178caeac712acf11359c9f183f2cdc.dir
      size: 14666517
      nfiles: 392
    - path: data/MAGNETIC_TILE_SURFACE_DEFECTS/masks
      md5: f92c29262e93249baf066776487c8535.dir
      size: 199417
      nfiles: 392
  data_split:
    cmd: python src/stages/data_split.py --config=params.yaml
    deps:
    - path: data/MAGNETIC_TILE_SURFACE_DEFECTS/images
      md5: b7178caeac712acf11359c9f183f2cdc.dir
      size: 14666517
      nfiles: 392
    - path: data/MAGNETIC_TILE_SURFACE_DEFECTS/masks
      md5: f92c29262e93249baf066776487c8535.dir
      size: 199417
      nfiles: 392
    - path: requirements.txt
      md5: 32ec7b5294326e4903a7f76e80ba5118
      size: 2264
    - path: src/stages/data_split.py
      md5: c662b3d0ecb144fe00b5d627115d8059
      size: 1395
    params:
      params.yaml:
        base:
          project: defect_detection
          pkg_list_fname: pkg_list.txt
          random_state: 0
        data_load:
          dataset_url: https://github.com/abin24/Magnetic-tile-defect-datasets./archive/refs/heads/master.zip
          data_dir: data
          orig_dirname: Magnetic-tile-defect-datasets.-master
          new_dirname: MAGNETIC_TILE_SURFACE_DEFECTS
          code_names:
          - 0
          - 1
        data_split:
          test_pct: 0.2
          train_img_dir_path: data/MAGNETIC_TILE_SURFACE_DEFECTS/train_images
          train_mask_dir_path: data/MAGNETIC_TILE_SURFACE_DEFECTS/train_masks
          test_img_dir_path: data/MAGNETIC_TILE_SURFACE_DEFECTS/test_images
          test_mask_dir_path: data/MAGNETIC_TILE_SURFACE_DEFECTS/test_masks
    outs:
    - path: data/MAGNETIC_TILE_SURFACE_DEFECTS/test_images
      md5: be339b95cdc973776758b60ba30e052b.dir
      size: 2962981
      nfiles: 78
    - path: data/MAGNETIC_TILE_SURFACE_DEFECTS/test_masks
      md5: ca9698b4ec8448be0d8f730a2a4cfeed.dir
      size: 39718
      nfiles: 78
    - path: data/MAGNETIC_TILE_SURFACE_DEFECTS/train_images
      md5: 9ece23f3b68be0159e00412523471281.dir
      size: 11703536
      nfiles: 314
    - path: data/MAGNETIC_TILE_SURFACE_DEFECTS/train_masks
      md5: 1aed17ba76f686c0f2941275c8db69c4.dir
      size: 159699
      nfiles: 314
  train:
    cmd: python src/stages/train.py --config=params.yaml
    deps:
    - path: data/MAGNETIC_TILE_SURFACE_DEFECTS/train_images
      md5: 9ece23f3b68be0159e00412523471281.dir
      size: 11703536
      nfiles: 314
    - path: data/MAGNETIC_TILE_SURFACE_DEFECTS/train_masks
      md5: 1aed17ba76f686c0f2941275c8db69c4.dir
      size: 159699
      nfiles: 314
    - path: requirements.txt
      md5: 32ec7b5294326e4903a7f76e80ba5118
      size: 2264
    - path: src/stages/train.py
      md5: 083a298d7b80c08cdd13873ebab57b96
      size: 1697
    params:
      params.yaml:
        base:
          project: defect_detection
          pkg_list_fname: pkg_list.txt
          random_state: 0
        data_split:
          test_pct: 0.2
          train_img_dir_path: data/MAGNETIC_TILE_SURFACE_DEFECTS/train_images
          train_mask_dir_path: data/MAGNETIC_TILE_SURFACE_DEFECTS/train_masks
          test_img_dir_path: data/MAGNETIC_TILE_SURFACE_DEFECTS/test_images
          test_mask_dir_path: data/MAGNETIC_TILE_SURFACE_DEFECTS/test_masks
        train:
          img_size: 200
          valid_pct: 0.2
          learning_rate: 0.005
          batch_size: 8
          n_epochs: 10
          use_cpu: false
          model_pickle_dir_path: models
          model_pickle_fname: model_pickle_fastai.pkl
    outs:
    - path: models
      md5: 96e16de4bbb80e8f6ad0ff51d5b89a79.dir
      size: 190185141
      nfiles: 1
    - path: training_metrics
      md5: a295a094cf0ff3da905e112ce1a1b29c.dir
      size: 2312
      nfiles: 6
  evaluate:
    cmd: python src/stages/eval.py --config=params.yaml
    deps:
    - path: data/MAGNETIC_TILE_SURFACE_DEFECTS/test_images
      md5: be339b95cdc973776758b60ba30e052b.dir
      size: 2962981
      nfiles: 78
    - path: data/MAGNETIC_TILE_SURFACE_DEFECTS/test_masks
      md5: ca9698b4ec8448be0d8f730a2a4cfeed.dir
      size: 39718
      nfiles: 78
    - path: models
      md5: 96e16de4bbb80e8f6ad0ff51d5b89a79.dir
      size: 190185141
      nfiles: 1
    - path: requirements.txt
      md5: 32ec7b5294326e4903a7f76e80ba5118
      size: 2264
    - path: src/stages/eval.py
      md5: d0800ec1b970fe8920de5fac9fdca790
      size: 1572
    params:
      params.yaml:
        base:
          project: defect_detection
          pkg_list_fname: pkg_list.txt
          random_state: 0
        data_split:
          test_pct: 0.2
          train_img_dir_path: data/MAGNETIC_TILE_SURFACE_DEFECTS/train_images
          train_mask_dir_path: data/MAGNETIC_TILE_SURFACE_DEFECTS/train_masks
          test_img_dir_path: data/MAGNETIC_TILE_SURFACE_DEFECTS/test_images
          test_mask_dir_path: data/MAGNETIC_TILE_SURFACE_DEFECTS/test_masks
        evaluate:
          save_test_preds: true
          metrics_file: metrics.json
        train:
          img_size: 200
          valid_pct: 0.2
          learning_rate: 0.005
          batch_size: 8
          n_epochs: 10
          use_cpu: false
          model_pickle_dir_path: models
          model_pickle_fname: model_pickle_fastai.pkl
    outs:
    - path: metrics.json
      md5: 5837af7657abcef80152431bf737c598
      size: 65
